
Microsoft Visual Studio Solution File, Format Version 12.00
# Visual Studio Version 16
VisualStudioVersion = 16.0.30711.63
MinimumVisualStudioVersion = 10.0.40219.1
Project("{FAE04EC0-301F-11D3-BF4B-00C04F79EFBC}") = "Calcimc", "Calcimc.csproj", "{F22DF1C2-21FB-4120-B8D3-2E8313BACCDA}"
EndProject
Global
	GlobalSection(SolutionConfigurationPlatforms) = preSolution
		Debug|Any CPU = Debug|Any CPU
		Release|Any CPU = Release|Any CPU
	EndGlobalSection
	GlobalSection(ProjectConfigurationPlatforms) = postSolution
		{F22DF1C2-21FB-4120-B8D3-2E8313BACCDA}.Debug|Any CPU.ActiveCfg = Debug|Any CPU
		{F22DF1C2-21FB-4120-B8D3-2E8313BACCDA}.Debug|Any CPU.Build.0 = Debug|Any CPU
		{F22DF1C2-21FB-4120-B8D3-2E8313BACCDA}.Release|Any CPU.ActiveCfg = Release|Any CPU
		{F22DF1C2-21FB-4120-B8D3-2E8313BACCDA}.Release|Any CPU.Build.0 = Release|Any CPU
	EndGlobalSection
	GlobalSection(SolutionProperties) = preSolution
		HideSolutionNode = FALSE
	EndGlobalSection
	GlobalSection(ExtensibilityGlobals) = postSolution
		SolutionGuid = {F758656E-39DD-4CF0-8829-423A2714BC9C}
	EndGlobalSection
EndGlobal
